
Microsoft Visual Studio Solution File, Format Version 12.00
Project("{2150E333-8FDC-42A3-9474-1A3956D46DE8}") = "src", "src", "{4343F021-7649-4538-A91D-ECAA6A56026E}"
EndProject
Project("{2150E333-8FDC-42A3-9474-1A3956D46DE8}") = "tests", "tests", "{13DD98D3-4F24-4847-B961-910788FF39A7}"
EndProject
Project("{FAE04EC0-301F-11D3-BF4B-00C04F79EFBC}") = "Mealy.Domain", "src\Mealy.Domain\Mealy.Domain.csproj", "{100E6124-06D5-4BE3-8437-217334E2DC2B}"
EndProject
Project("{FAE04EC0-301F-11D3-BF4B-00C04F79EFBC}") = "Mealy.Application", "src\Mealy.Application\Mealy.Application.csproj", "{9EB672BF-25AB-43A2-899A-CF683BC4547D}"
EndProject
Project("{FAE04EC0-301F-11D3-BF4B-00C04F79EFBC}") = "Mealy.Persistence", "src\Mealy.Persistence\Mealy.Persistence.csproj", "{A2AB2DD5-F6B0-496C-B844-51D2FE8B6E9A}"
EndProject
Project("{FAE04EC0-301F-11D3-BF4B-00C04F79EFBC}") = "Mealy.ConsoleApp", "src\Mealy.ConsoleApp\Mealy.ConsoleApp.csproj", "{89BD1440-E016-4FFD-A90E-7504C9A5CE8A}"
EndProject
Global
	GlobalSection(SolutionConfigurationPlatforms) = preSolution
		Debug|Any CPU = Debug|Any CPU
		Release|Any CPU = Release|Any CPU
	EndGlobalSection
	GlobalSection(NestedProjects) = preSolution
		{100E6124-06D5-4BE3-8437-217334E2DC2B} = {4343F021-7649-4538-A91D-ECAA6A56026E}
		{9EB672BF-25AB-43A2-899A-CF683BC4547D} = {4343F021-7649-4538-A91D-ECAA6A56026E}
		{A2AB2DD5-F6B0-496C-B844-51D2FE8B6E9A} = {4343F021-7649-4538-A91D-ECAA6A56026E}
		{89BD1440-E016-4FFD-A90E-7504C9A5CE8A} = {4343F021-7649-4538-A91D-ECAA6A56026E}
	EndGlobalSection
	GlobalSection(ProjectConfigurationPlatforms) = postSolution
		{100E6124-06D5-4BE3-8437-217334E2DC2B}.Debug|Any CPU.ActiveCfg = Debug|Any CPU
		{100E6124-06D5-4BE3-8437-217334E2DC2B}.Debug|Any CPU.Build.0 = Debug|Any CPU
		{100E6124-06D5-4BE3-8437-217334E2DC2B}.Release|Any CPU.ActiveCfg = Release|Any CPU
		{100E6124-06D5-4BE3-8437-217334E2DC2B}.Release|Any CPU.Build.0 = Release|Any CPU
		{9EB672BF-25AB-43A2-899A-CF683BC4547D}.Debug|Any CPU.ActiveCfg = Debug|Any CPU
		{9EB672BF-25AB-43A2-899A-CF683BC4547D}.Debug|Any CPU.Build.0 = Debug|Any CPU
		{9EB672BF-25AB-43A2-899A-CF683BC4547D}.Release|Any CPU.ActiveCfg = Release|Any CPU
		{9EB672BF-25AB-43A2-899A-CF683BC4547D}.Release|Any CPU.Build.0 = Release|Any CPU
		{A2AB2DD5-F6B0-496C-B844-51D2FE8B6E9A}.Debug|Any CPU.ActiveCfg = Debug|Any CPU
		{A2AB2DD5-F6B0-496C-B844-51D2FE8B6E9A}.Debug|Any CPU.Build.0 = Debug|Any CPU
		{A2AB2DD5-F6B0-496C-B844-51D2FE8B6E9A}.Release|Any CPU.ActiveCfg = Release|Any CPU
		{A2AB2DD5-F6B0-496C-B844-51D2FE8B6E9A}.Release|Any CPU.Build.0 = Release|Any CPU
		{89BD1440-E016-4FFD-A90E-7504C9A5CE8A}.Debug|Any CPU.ActiveCfg = Debug|Any CPU
		{89BD1440-E016-4FFD-A90E-7504C9A5CE8A}.Debug|Any CPU.Build.0 = Debug|Any CPU
		{89BD1440-E016-4FFD-A90E-7504C9A5CE8A}.Release|Any CPU.ActiveCfg = Release|Any CPU
		{89BD1440-E016-4FFD-A90E-7504C9A5CE8A}.Release|Any CPU.Build.0 = Release|Any CPU
	EndGlobalSection
EndGlobal
